
Microsoft Visual Studio Solution File, Format Version 12.00
# Visual Studio 2013
VisualStudioVersion = 12.0.31101.0
MinimumVisualStudioVersion = 10.0.40219.1
Project("{FAE04EC0-301F-11D3-BF4B-00C04F79EFBC}") = "RomanNumeralsKataUnitTests", "RomanNumeralsUnitTests\RomanNumeralsKataUnitTests.csproj", "{1969E061-F182-4F11-8D1F-4AEFEE316D7B}"
EndProject
Project("{FAE04EC0-301F-11D3-BF4B-00C04F79EFBC}") = "RomanNumeralsKata", "RomanNumeralsKata\RomanNumeralsKata.csproj", "{AB6E1C61-BF36-4CAA-9159-7A8AB26CB63F}"
EndProject
Global
	GlobalSection(SolutionConfigurationPlatforms) = preSolution
		Debug|Any CPU = Debug|Any CPU
		Release|Any CPU = Release|Any CPU
	EndGlobalSection
	GlobalSection(ProjectConfigurationPlatforms) = postSolution
		{1969E061-F182-4F11-8D1F-4AEFEE316D7B}.Debug|Any CPU.ActiveCfg = Debug|Any CPU
		{1969E061-F182-4F11-8D1F-4AEFEE316D7B}.Debug|Any CPU.Build.0 = Debug|Any CPU
		{1969E061-F182-4F11-8D1F-4AEFEE316D7B}.Release|Any CPU.ActiveCfg = Release|Any CPU
		{1969E061-F182-4F11-8D1F-4AEFEE316D7B}.Release|Any CPU.Build.0 = Release|Any CPU
		{AB6E1C61-BF36-4CAA-9159-7A8AB26CB63F}.Debug|Any CPU.ActiveCfg = Debug|Any CPU
		{AB6E1C61-BF36-4CAA-9159-7A8AB26CB63F}.Debug|Any CPU.Build.0 = Debug|Any CPU
		{AB6E1C61-BF36-4CAA-9159-7A8AB26CB63F}.Release|Any CPU.ActiveCfg = Release|Any CPU
		{AB6E1C61-BF36-4CAA-9159-7A8AB26CB63F}.Release|Any CPU.Build.0 = Release|Any CPU
	EndGlobalSection
	GlobalSection(SolutionProperties) = preSolution
		HideSolutionNode = FALSE
	EndGlobalSection
EndGlobal
